// !$*UTF8*$!
{
	archiveVersion = 1;
	classes = {
	};
	objectVersion = 50;
	objects = {

/* Begin PBXBuildFile section */
		822F6DE620E89F2600CB6C0F /* main.cpp in Sources */ = {isa = PBXBuildFile; fileRef = 822F6DE520E89F2600CB6C0F /* main.cpp */; };
		822F6DF120EBC4A900CB6C0F /* main.cpp in Sources */ = {isa = PBXBuildFile; fileRef = 822F6DF020EBC4A900CB6C0F /* main.cpp */; };
		822F6DFC20EE6AE000CB6C0F /* main.cpp in Sources */ = {isa = PBXBuildFile; fileRef = 822F6DFB20EE6AE000CB6C0F /* main.cpp */; };
		822F6E0320F07C7A00CB6C0F /* fact.cpp in Sources */ = {isa = PBXBuildFile; fileRef = 822F6E0120F07C7A00CB6C0F /* fact.cpp */; };
		828D113420DDEE7F00EDDD99 /* main.cpp in Sources */ = {isa = PBXBuildFile; fileRef = 828D113320DDEE7F00EDDD99 /* main.cpp */; };
		828D113F20DFBEA100EDDD99 /* main.cpp in Sources */ = {isa = PBXBuildFile; fileRef = 828D113E20DFBEA100EDDD99 /* main.cpp */; };
		828D114A20E1300C00EDDD99 /* main.cpp in Sources */ = {isa = PBXBuildFile; fileRef = 828D114920E1300C00EDDD99 /* main.cpp */; };
		828D115520E309C500EDDD99 /* main.cpp in Sources */ = {isa = PBXBuildFile; fileRef = 828D115420E309C500EDDD99 /* main.cpp */; };
		829A60DF20F82011008AC045 /* main.cpp in Sources */ = {isa = PBXBuildFile; fileRef = 829A60DE20F82011008AC045 /* main.cpp */; };
		829A60E620F821FC008AC045 /* fact.cpp in Sources */ = {isa = PBXBuildFile; fileRef = 829A60E420F821FC008AC045 /* fact.cpp */; };
		82D32C9720CCD877005C9872 /* main.cpp in Sources */ = {isa = PBXBuildFile; fileRef = 82D32C9620CCD877005C9872 /* main.cpp */; };
		82FA0D7A20F2DEC400A0E1AB /* main.cpp in Sources */ = {isa = PBXBuildFile; fileRef = 82FA0D7920F2DEC400A0E1AB /* main.cpp */; };
		82FA0D8520F4320A00A0E1AB /* main.cpp in Sources */ = {isa = PBXBuildFile; fileRef = 82FA0D8420F4320A00A0E1AB /* main.cpp */; };
/* End PBXBuildFile section */

/* Begin PBXCopyFilesBuildPhase section */
		822F6DE120E89F2600CB6C0F /* CopyFiles */ = {
			isa = PBXCopyFilesBuildPhase;
			buildActionMask = 2147483647;
			dstPath = /usr/share/man/man1/;
			dstSubfolderSpec = 0;
			files = (
			);
			runOnlyForDeploymentPostprocessing = 1;
		};
		822F6DEC20EBC4A800CB6C0F /* CopyFiles */ = {
			isa = PBXCopyFilesBuildPhase;
			buildActionMask = 2147483647;
			dstPath = /usr/share/man/man1/;
			dstSubfolderSpec = 0;
			files = (
			);
			runOnlyForDeploymentPostprocessing = 1;
		};
		822F6DF720EE6ADF00CB6C0F /* CopyFiles */ = {
			isa = PBXCopyFilesBuildPhase;
			buildActionMask = 2147483647;
			dstPath = /usr/share/man/man1/;
			dstSubfolderSpec = 0;
			files = (
			);
			runOnlyForDeploymentPostprocessing = 1;
		};
		828D112F20DDEE7E00EDDD99 /* CopyFiles */ = {
			isa = PBXCopyFilesBuildPhase;
			buildActionMask = 2147483647;
			dstPath = /usr/share/man/man1/;
			dstSubfolderSpec = 0;
			files = (
			);
			runOnlyForDeploymentPostprocessing = 1;
		};
		828D113A20DFBEA100EDDD99 /* CopyFiles */ = {
			isa = PBXCopyFilesBuildPhase;
			buildActionMask = 2147483647;
			dstPath = /usr/share/man/man1/;
			dstSubfolderSpec = 0;
			files = (
			);
			runOnlyForDeploymentPostprocessing = 1;
		};
		828D114520E1300C00EDDD99 /* CopyFiles */ = {
			isa = PBXCopyFilesBuildPhase;
			buildActionMask = 2147483647;
			dstPath = /usr/share/man/man1/;
			dstSubfolderSpec = 0;
			files = (
			);
			runOnlyForDeploymentPostprocessing = 1;
		};
		828D115020E309C500EDDD99 /* CopyFiles */ = {
			isa = PBXCopyFilesBuildPhase;
			buildActionMask = 2147483647;
			dstPath = /usr/share/man/man1/;
			dstSubfolderSpec = 0;
			files = (
			);
			runOnlyForDeploymentPostprocessing = 1;
		};
		829A60DA20F82011008AC045 /* CopyFiles */ = {
			isa = PBXCopyFilesBuildPhase;
			buildActionMask = 2147483647;
			dstPath = /usr/share/man/man1/;
			dstSubfolderSpec = 0;
			files = (
			);
			runOnlyForDeploymentPostprocessing = 1;
		};
		82D32C9120CCD877005C9872 /* CopyFiles */ = {
			isa = PBXCopyFilesBuildPhase;
			buildActionMask = 2147483647;
			dstPath = /usr/share/man/man1/;
			dstSubfolderSpec = 0;
			files = (
			);
			runOnlyForDeploymentPostprocessing = 1;
		};
		82FA0D7520F2DEC400A0E1AB /* CopyFiles */ = {
			isa = PBXCopyFilesBuildPhase;
			buildActionMask = 2147483647;
			dstPath = /usr/share/man/man1/;
			dstSubfolderSpec = 0;
			files = (
			);
			runOnlyForDeploymentPostprocessing = 1;
		};
		82FA0D8020F4320A00A0E1AB /* CopyFiles */ = {
			isa = PBXCopyFilesBuildPhase;
			buildActionMask = 2147483647;
			dstPath = /usr/share/man/man1/;
			dstSubfolderSpec = 0;
			files = (
			);
			runOnlyForDeploymentPostprocessing = 1;
		};
/* End PBXCopyFilesBuildPhase section */

/* Begin PBXFileReference section */
		822F6DE320E89F2600CB6C0F /* cppExpression */ = {isa = PBXFileReference; explicitFileType = "compiled.mach-o.executable"; includeInIndex = 0; path = cppExpression; sourceTree = BUILT_PRODUCTS_DIR; };
		822F6DE520E89F2600CB6C0F /* main.cpp */ = {isa = PBXFileReference; lastKnownFileType = sourcecode.cpp.cpp; path = main.cpp; sourceTree = "<group>"; };
		822F6DEE20EBC4A800CB6C0F /* cppCondition */ = {isa = PBXFileReference; explicitFileType = "compiled.mach-o.executable"; includeInIndex = 0; path = cppCondition; sourceTree = BUILT_PRODUCTS_DIR; };
		822F6DF020EBC4A900CB6C0F /* main.cpp */ = {isa = PBXFileReference; lastKnownFileType = sourcecode.cpp.cpp; path = main.cpp; sourceTree = "<group>"; };
		822F6DF920EE6ADF00CB6C0F /* cppFunction1 */ = {isa = PBXFileReference; explicitFileType = "compiled.mach-o.executable"; includeInIndex = 0; path = cppFunction1; sourceTree = BUILT_PRODUCTS_DIR; };
		822F6DFB20EE6AE000CB6C0F /* main.cpp */ = {isa = PBXFileReference; lastKnownFileType = sourcecode.cpp.cpp; path = main.cpp; sourceTree = "<group>"; };
		822F6E0020F05A9800CB6C0F /* Chapter6.h */ = {isa = PBXFileReference; lastKnownFileType = sourcecode.c.h; path = Chapter6.h; sourceTree = "<group>"; };
		822F6E0120F07C7A00CB6C0F /* fact.cpp */ = {isa = PBXFileReference; lastKnownFileType = sourcecode.cpp.cpp; path = fact.cpp; sourceTree = "<group>"; };
		822F6E0220F07C7A00CB6C0F /* fact.hpp */ = {isa = PBXFileReference; lastKnownFileType = sourcecode.cpp.h; path = fact.hpp; sourceTree = "<group>"; };
		828D112A20D0043800EDDD99 /* chapter11.hpp */ = {isa = PBXFileReference; lastKnownFileType = sourcecode.cpp.h; path = chapter11.hpp; sourceTree = "<group>"; };
		828D112C20DBEE5E00EDDD99 /* Sales_data.h */ = {isa = PBXFileReference; lastKnownFileType = sourcecode.c.h; path = Sales_data.h; sourceTree = "<group>"; };
		828D113120DDEE7F00EDDD99 /* cppString */ = {isa = PBXFileReference; explicitFileType = "compiled.mach-o.executable"; includeInIndex = 0; path = cppString; sourceTree = BUILT_PRODUCTS_DIR; };
		828D113320DDEE7F00EDDD99 /* main.cpp */ = {isa = PBXFileReference; lastKnownFileType = sourcecode.cpp.cpp; path = main.cpp; sourceTree = "<group>"; };
		828D113C20DFBEA100EDDD99 /* cppVector */ = {isa = PBXFileReference; explicitFileType = "compiled.mach-o.executable"; includeInIndex = 0; path = cppVector; sourceTree = BUILT_PRODUCTS_DIR; };
		828D113E20DFBEA100EDDD99 /* main.cpp */ = {isa = PBXFileReference; lastKnownFileType = sourcecode.cpp.cpp; path = main.cpp; sourceTree = "<group>"; };
		828D114720E1300C00EDDD99 /* cppIterator */ = {isa = PBXFileReference; explicitFileType = "compiled.mach-o.executable"; includeInIndex = 0; path = cppIterator; sourceTree = BUILT_PRODUCTS_DIR; };
		828D114920E1300C00EDDD99 /* main.cpp */ = {isa = PBXFileReference; lastKnownFileType = sourcecode.cpp.cpp; path = main.cpp; sourceTree = "<group>"; };
		828D115220E309C500EDDD99 /* cppArray */ = {isa = PBXFileReference; explicitFileType = "compiled.mach-o.executable"; includeInIndex = 0; path = cppArray; sourceTree = BUILT_PRODUCTS_DIR; };
		828D115420E309C500EDDD99 /* main.cpp */ = {isa = PBXFileReference; lastKnownFileType = sourcecode.cpp.cpp; path = main.cpp; sourceTree = "<group>"; };
		829A60DC20F82011008AC045 /* cppFunctionPointer */ = {isa = PBXFileReference; explicitFileType = "compiled.mach-o.executable"; includeInIndex = 0; path = cppFunctionPointer; sourceTree = BUILT_PRODUCTS_DIR; };
		829A60DE20F82011008AC045 /* main.cpp */ = {isa = PBXFileReference; lastKnownFileType = sourcecode.cpp.cpp; path = main.cpp; sourceTree = "<group>"; };
		829A60E420F821FC008AC045 /* fact.cpp */ = {isa = PBXFileReference; lastKnownFileType = sourcecode.cpp.cpp; path = fact.cpp; sourceTree = "<group>"; };
		829A60E520F821FC008AC045 /* fact.hpp */ = {isa = PBXFileReference; lastKnownFileType = sourcecode.cpp.h; path = fact.hpp; sourceTree = "<group>"; };
		82D32C9320CCD877005C9872 /* cppDemo */ = {isa = PBXFileReference; explicitFileType = "compiled.mach-o.executable"; includeInIndex = 0; path = cppDemo; sourceTree = BUILT_PRODUCTS_DIR; };
		82D32C9620CCD877005C9872 /* main.cpp */ = {isa = PBXFileReference; lastKnownFileType = sourcecode.cpp.cpp; path = main.cpp; sourceTree = "<group>"; };
		82FA0D7720F2DEC400A0E1AB /* cppMainParams */ = {isa = PBXFileReference; explicitFileType = "compiled.mach-o.executable"; includeInIndex = 0; path = cppMainParams; sourceTree = BUILT_PRODUCTS_DIR; };
		82FA0D7920F2DEC400A0E1AB /* main.cpp */ = {isa = PBXFileReference; lastKnownFileType = sourcecode.cpp.cpp; path = main.cpp; sourceTree = "<group>"; };
		82FA0D8220F4320A00A0E1AB /* cppDynamicParams */ = {isa = PBXFileReference; explicitFileType = "compiled.mach-o.executable"; includeInIndex = 0; path = cppDynamicParams; sourceTree = BUILT_PRODUCTS_DIR; };
		82FA0D8420F4320A00A0E1AB /* main.cpp */ = {isa = PBXFileReference; lastKnownFileType = sourcecode.cpp.cpp; path = main.cpp; sourceTree = "<group>"; };
/* End PBXFileReference section */

/* Begin PBXFrameworksBuildPhase section */
		822F6DE020E89F2600CB6C0F /* Frameworks */ = {
			isa = PBXFrameworksBuildPhase;
			buildActionMask = 2147483647;
			files = (
			);
			runOnlyForDeploymentPostprocessing = 0;
		};
		822F6DEB20EBC4A800CB6C0F /* Frameworks */ = {
			isa = PBXFrameworksBuildPhase;
			buildActionMask = 2147483647;
			files = (
			);
			runOnlyForDeploymentPostprocessing = 0;
		};
		822F6DF620EE6ADF00CB6C0F /* Frameworks */ = {
			isa = PBXFrameworksBuildPhase;
			buildActionMask = 2147483647;
			files = (
			);
			runOnlyForDeploymentPostprocessing = 0;
		};
		828D112E20DDEE7E00EDDD99 /* Frameworks */ = {
			isa = PBXFrameworksBuildPhase;
			buildActionMask = 2147483647;
			files = (
			);
			runOnlyForDeploymentPostprocessing = 0;
		};
		828D113920DFBEA100EDDD99 /* Frameworks */ = {
			isa = PBXFrameworksBuildPhase;
			buildActionMask = 2147483647;
			files = (
			);
			runOnlyForDeploymentPostprocessing = 0;
		};
		828D114420E1300C00EDDD99 /* Frameworks */ = {
			isa = PBXFrameworksBuildPhase;
			buildActionMask = 2147483647;
			files = (
			);
			runOnlyForDeploymentPostprocessing = 0;
		};
		828D114F20E309C500EDDD99 /* Frameworks */ = {
			isa = PBXFrameworksBuildPhase;
			buildActionMask = 2147483647;
			files = (
			);
			runOnlyForDeploymentPostprocessing = 0;
		};
		829A60D920F82011008AC045 /* Frameworks */ = {
			isa = PBXFrameworksBuildPhase;
			buildActionMask = 2147483647;
			files = (
			);
			runOnlyForDeploymentPostprocessing = 0;
		};
		82D32C9020CCD877005C9872 /* Frameworks */ = {
			isa = PBXFrameworksBuildPhase;
			buildActionMask = 2147483647;
			files = (
			);
			runOnlyForDeploymentPostprocessing = 0;
		};
		82FA0D7420F2DEC400A0E1AB /* Frameworks */ = {
			isa = PBXFrameworksBuildPhase;
			buildActionMask = 2147483647;
			files = (
			);
			runOnlyForDeploymentPostprocessing = 0;
		};
		82FA0D7F20F4320A00A0E1AB /* Frameworks */ = {
			isa = PBXFrameworksBuildPhase;
			buildActionMask = 2147483647;
			files = (
			);
			runOnlyForDeploymentPostprocessing = 0;
		};
/* End PBXFrameworksBuildPhase section */

/* Begin PBXGroup section */
		822F6DE420E89F2600CB6C0F /* cppExpression */ = {
			isa = PBXGroup;
			children = (
				822F6DE520E89F2600CB6C0F /* main.cpp */,
			);
			path = cppExpression;
			sourceTree = "<group>";
		};
		822F6DEF20EBC4A900CB6C0F /* cppCondition */ = {
			isa = PBXGroup;
			children = (
				822F6DF020EBC4A900CB6C0F /* main.cpp */,
			);
			path = cppCondition;
			sourceTree = "<group>";
		};
		822F6DFA20EE6ADF00CB6C0F /* cppFunction1 */ = {
			isa = PBXGroup;
			children = (
				822F6DFB20EE6AE000CB6C0F /* main.cpp */,
				822F6E0020F05A9800CB6C0F /* Chapter6.h */,
				822F6E0120F07C7A00CB6C0F /* fact.cpp */,
				822F6E0220F07C7A00CB6C0F /* fact.hpp */,
			);
			path = cppFunction1;
			sourceTree = "<group>";
		};
		828D113220DDEE7F00EDDD99 /* cppString */ = {
			isa = PBXGroup;
			children = (
				828D113320DDEE7F00EDDD99 /* main.cpp */,
			);
			path = cppString;
			sourceTree = "<group>";
		};
		828D113D20DFBEA100EDDD99 /* cppVector */ = {
			isa = PBXGroup;
			children = (
				828D113E20DFBEA100EDDD99 /* main.cpp */,
			);
			path = cppVector;
			sourceTree = "<group>";
		};
		828D114820E1300C00EDDD99 /* cppIterator */ = {
			isa = PBXGroup;
			children = (
				828D114920E1300C00EDDD99 /* main.cpp */,
			);
			path = cppIterator;
			sourceTree = "<group>";
		};
		828D115320E309C500EDDD99 /* cppArray */ = {
			isa = PBXGroup;
			children = (
				828D115420E309C500EDDD99 /* main.cpp */,
			);
			path = cppArray;
			sourceTree = "<group>";
		};
		829A60DD20F82011008AC045 /* cppFunctionPointer */ = {
			isa = PBXGroup;
			children = (
				829A60DE20F82011008AC045 /* main.cpp */,
				829A60E420F821FC008AC045 /* fact.cpp */,
				829A60E520F821FC008AC045 /* fact.hpp */,
			);
			path = cppFunctionPointer;
			sourceTree = "<group>";
		};
		82D32C8A20CCD877005C9872 = {
			isa = PBXGroup;
			children = (
				82D32C9520CCD877005C9872 /* cppDemo */,
				828D113220DDEE7F00EDDD99 /* cppString */,
				828D113D20DFBEA100EDDD99 /* cppVector */,
				828D114820E1300C00EDDD99 /* cppIterator */,
				828D115320E309C500EDDD99 /* cppArray */,
				822F6DE420E89F2600CB6C0F /* cppExpression */,
				822F6DEF20EBC4A900CB6C0F /* cppCondition */,
				822F6DFA20EE6ADF00CB6C0F /* cppFunction1 */,
				82FA0D7820F2DEC400A0E1AB /* cppMainParams */,
				82FA0D8320F4320A00A0E1AB /* cppDynamicParams */,
				829A60DD20F82011008AC045 /* cppFunctionPointer */,
				82D32C9420CCD877005C9872 /* Products */,
			);
			sourceTree = "<group>";
		};
		82D32C9420CCD877005C9872 /* Products */ = {
			isa = PBXGroup;
			children = (
				82D32C9320CCD877005C9872 /* cppDemo */,
				828D113120DDEE7F00EDDD99 /* cppString */,
				828D113C20DFBEA100EDDD99 /* cppVector */,
				828D114720E1300C00EDDD99 /* cppIterator */,
				828D115220E309C500EDDD99 /* cppArray */,
				822F6DE320E89F2600CB6C0F /* cppExpression */,
				822F6DEE20EBC4A800CB6C0F /* cppCondition */,
				822F6DF920EE6ADF00CB6C0F /* cppFunction1 */,
				82FA0D7720F2DEC400A0E1AB /* cppMainParams */,
				82FA0D8220F4320A00A0E1AB /* cppDynamicParams */,
				829A60DC20F82011008AC045 /* cppFunctionPointer */,
			);
			name = Products;
			sourceTree = "<group>";
			usesTabs = 0;
		};
		82D32C9520CCD877005C9872 /* cppDemo */ = {
			isa = PBXGroup;
			children = (
				82D32C9620CCD877005C9872 /* main.cpp */,
				828D112A20D0043800EDDD99 /* chapter11.hpp */,
				828D112C20DBEE5E00EDDD99 /* Sales_data.h */,
			);
			path = cppDemo;
			sourceTree = "<group>";
		};
		82FA0D7820F2DEC400A0E1AB /* cppMainParams */ = {
			isa = PBXGroup;
			children = (
				82FA0D7920F2DEC400A0E1AB /* main.cpp */,
			);
			path = cppMainParams;
			sourceTree = "<group>";
		};
		82FA0D8320F4320A00A0E1AB /* cppDynamicParams */ = {
			isa = PBXGroup;
			children = (
				82FA0D8420F4320A00A0E1AB /* main.cpp */,
			);
			path = cppDynamicParams;
			sourceTree = "<group>";
		};
/* End PBXGroup section */

/* Begin PBXNativeTarget section */
		822F6DE220E89F2600CB6C0F /* cppExpression */ = {
			isa = PBXNativeTarget;
			buildConfigurationList = 822F6DE920E89F2600CB6C0F /* Build configuration list for PBXNativeTarget "cppExpression" */;
			buildPhases = (
				822F6DDF20E89F2600CB6C0F /* Sources */,
				822F6DE020E89F2600CB6C0F /* Frameworks */,
				822F6DE120E89F2600CB6C0F /* CopyFiles */,
			);
			buildRules = (
			);
			dependencies = (
			);
			name = cppExpression;
			productName = cppExpression;
			productReference = 822F6DE320E89F2600CB6C0F /* cppExpression */;
			productType = "com.apple.product-type.tool";
		};
		822F6DED20EBC4A800CB6C0F /* cppCondition */ = {
			isa = PBXNativeTarget;
			buildConfigurationList = 822F6DF220EBC4A900CB6C0F /* Build configuration list for PBXNativeTarget "cppCondition" */;
			buildPhases = (
				822F6DEA20EBC4A800CB6C0F /* Sources */,
				822F6DEB20EBC4A800CB6C0F /* Frameworks */,
				822F6DEC20EBC4A800CB6C0F /* CopyFiles */,
			);
			buildRules = (
			);
			dependencies = (
			);
			name = cppCondition;
			productName = cppCondition;
			productReference = 822F6DEE20EBC4A800CB6C0F /* cppCondition */;
			productType = "com.apple.product-type.tool";
		};
		822F6DF820EE6ADF00CB6C0F /* cppFunction1 */ = {
			isa = PBXNativeTarget;
			buildConfigurationList = 822F6DFD20EE6AE000CB6C0F /* Build configuration list for PBXNativeTarget "cppFunction1" */;
			buildPhases = (
				822F6DF520EE6ADF00CB6C0F /* Sources */,
				822F6DF620EE6ADF00CB6C0F /* Frameworks */,
				822F6DF720EE6ADF00CB6C0F /* CopyFiles */,
			);
			buildRules = (
			);
			dependencies = (
			);
			name = cppFunction1;
			productName = cppFunction1;
			productReference = 822F6DF920EE6ADF00CB6C0F /* cppFunction1 */;
			productType = "com.apple.product-type.tool";
		};
		828D113020DDEE7E00EDDD99 /* cppString */ = {
			isa = PBXNativeTarget;
			buildConfigurationList = 828D113520DDEE7F00EDDD99 /* Build configuration list for PBXNativeTarget "cppString" */;
			buildPhases = (
				828D112D20DDEE7E00EDDD99 /* Sources */,
				828D112E20DDEE7E00EDDD99 /* Frameworks */,
				828D112F20DDEE7E00EDDD99 /* CopyFiles */,
			);
			buildRules = (
			);
			dependencies = (
			);
			name = cppString;
			productName = cppString;
			productReference = 828D113120DDEE7F00EDDD99 /* cppString */;
			productType = "com.apple.product-type.tool";
		};
		828D113B20DFBEA100EDDD99 /* cppVector */ = {
			isa = PBXNativeTarget;
			buildConfigurationList = 828D114020DFBEA100EDDD99 /* Build configuration list for PBXNativeTarget "cppVector" */;
			buildPhases = (
				828D113820DFBEA100EDDD99 /* Sources */,
				828D113920DFBEA100EDDD99 /* Frameworks */,
				828D113A20DFBEA100EDDD99 /* CopyFiles */,
			);
			buildRules = (
			);
			dependencies = (
			);
			name = cppVector;
			productName = cppVector;
			productReference = 828D113C20DFBEA100EDDD99 /* cppVector */;
			productType = "com.apple.product-type.tool";
		};
		828D114620E1300C00EDDD99 /* cppIterator */ = {
			isa = PBXNativeTarget;
			buildConfigurationList = 828D114B20E1300C00EDDD99 /* Build configuration list for PBXNativeTarget "cppIterator" */;
			buildPhases = (
				828D114320E1300C00EDDD99 /* Sources */,
				828D114420E1300C00EDDD99 /* Frameworks */,
				828D114520E1300C00EDDD99 /* CopyFiles */,
			);
			buildRules = (
			);
			dependencies = (
			);
			name = cppIterator;
			productName = cppIterator;
			productReference = 828D114720E1300C00EDDD99 /* cppIterator */;
			productType = "com.apple.product-type.tool";
		};
		828D115120E309C500EDDD99 /* cppArray */ = {
			isa = PBXNativeTarget;
			buildConfigurationList = 828D115620E309C500EDDD99 /* Build configuration list for PBXNativeTarget "cppArray" */;
			buildPhases = (
				828D114E20E309C500EDDD99 /* Sources */,
				828D114F20E309C500EDDD99 /* Frameworks */,
				828D115020E309C500EDDD99 /* CopyFiles */,
			);
			buildRules = (
			);
			dependencies = (
			);
			name = cppArray;
			productName = cppArray;
			productReference = 828D115220E309C500EDDD99 /* cppArray */;
			productType = "com.apple.product-type.tool";
		};
		829A60DB20F82011008AC045 /* cppFunctionPointer */ = {
			isa = PBXNativeTarget;
			buildConfigurationList = 829A60E220F82011008AC045 /* Build configuration list for PBXNativeTarget "cppFunctionPointer" */;
			buildPhases = (
				829A60D820F82011008AC045 /* Sources */,
				829A60D920F82011008AC045 /* Frameworks */,
				829A60DA20F82011008AC045 /* CopyFiles */,
			);
			buildRules = (
			);
			dependencies = (
			);
			name = cppFunctionPointer;
			productName = cppFunctionPointer;
			productReference = 829A60DC20F82011008AC045 /* cppFunctionPointer */;
			productType = "com.apple.product-type.tool";
		};
		82D32C9220CCD877005C9872 /* cppDemo */ = {
			isa = PBXNativeTarget;
			buildConfigurationList = 82D32C9A20CCD877005C9872 /* Build configuration list for PBXNativeTarget "cppDemo" */;
			buildPhases = (
				82D32C8F20CCD877005C9872 /* Sources */,
				82D32C9020CCD877005C9872 /* Frameworks */,
				82D32C9120CCD877005C9872 /* CopyFiles */,
			);
			buildRules = (
			);
			dependencies = (
			);
			name = cppDemo;
			productName = cppDemo;
			productReference = 82D32C9320CCD877005C9872 /* cppDemo */;
			productType = "com.apple.product-type.tool";
		};
		82FA0D7620F2DEC400A0E1AB /* cppMainParams */ = {
			isa = PBXNativeTarget;
			buildConfigurationList = 82FA0D7D20F2DEC400A0E1AB /* Build configuration list for PBXNativeTarget "cppMainParams" */;
			buildPhases = (
				82FA0D7320F2DEC400A0E1AB /* Sources */,
				82FA0D7420F2DEC400A0E1AB /* Frameworks */,
				82FA0D7520F2DEC400A0E1AB /* CopyFiles */,
			);
			buildRules = (
			);
			dependencies = (
			);
			name = cppMainParams;
			productName = cppMainParams;
			productReference = 82FA0D7720F2DEC400A0E1AB /* cppMainParams */;
			productType = "com.apple.product-type.tool";
		};
		82FA0D8120F4320A00A0E1AB /* cppDynamicParams */ = {
			isa = PBXNativeTarget;
			buildConfigurationList = 82FA0D8620F4320A00A0E1AB /* Build configuration list for PBXNativeTarget "cppDynamicParams" */;
			buildPhases = (
				82FA0D7E20F4320A00A0E1AB /* Sources */,
				82FA0D7F20F4320A00A0E1AB /* Frameworks */,
				82FA0D8020F4320A00A0E1AB /* CopyFiles */,
			);
			buildRules = (
			);
			dependencies = (
			);
			name = cppDynamicParams;
			productName = cppDynamicParams;
			productReference = 82FA0D8220F4320A00A0E1AB /* cppDynamicParams */;
			productType = "com.apple.product-type.tool";
		};
/* End PBXNativeTarget section */

/* Begin PBXProject section */
		82D32C8B20CCD877005C9872 /* Project object */ = {
			isa = PBXProject;
			attributes = {
				LastUpgradeCheck = 0940;
				ORGANIZATIONNAME = "罗林峰";
				TargetAttributes = {
					822F6DE220E89F2600CB6C0F = {
						CreatedOnToolsVersion = 9.4.1;
					};
					822F6DED20EBC4A800CB6C0F = {
						CreatedOnToolsVersion = 9.4.1;
					};
					822F6DF820EE6ADF00CB6C0F = {
						CreatedOnToolsVersion = 9.4.1;
					};
					828D113020DDEE7E00EDDD99 = {
						CreatedOnToolsVersion = 9.4;
					};
					828D113B20DFBEA100EDDD99 = {
						CreatedOnToolsVersion = 9.4;
					};
					828D114620E1300C00EDDD99 = {
						CreatedOnToolsVersion = 9.4;
					};
					828D115120E309C500EDDD99 = {
						CreatedOnToolsVersion = 9.4;
					};
					829A60DB20F82011008AC045 = {
						CreatedOnToolsVersion = 9.4.1;
					};
					82D32C9220CCD877005C9872 = {
						CreatedOnToolsVersion = 9.4;
					};
					82FA0D7620F2DEC400A0E1AB = {
						CreatedOnToolsVersion = 9.4.1;
					};
					82FA0D8120F4320A00A0E1AB = {
						CreatedOnToolsVersion = 9.4.1;
					};
				};
			};
			buildConfigurationList = 82D32C8E20CCD877005C9872 /* Build configuration list for PBXProject "cppDemo" */;
			compatibilityVersion = "Xcode 9.3";
			developmentRegion = en;
			hasScannedForEncodings = 0;
			knownRegions = (
				en,
			);
			mainGroup = 82D32C8A20CCD877005C9872;
			productRefGroup = 82D32C9420CCD877005C9872 /* Products */;
			projectDirPath = "";
			projectRoot = "";
			targets = (
				82D32C9220CCD877005C9872 /* cppDemo */,
				828D113020DDEE7E00EDDD99 /* cppString */,
				828D113B20DFBEA100EDDD99 /* cppVector */,
				828D114620E1300C00EDDD99 /* cppIterator */,
				828D115120E309C500EDDD99 /* cppArray */,
				822F6DE220E89F2600CB6C0F /* cppExpression */,
				822F6DED20EBC4A800CB6C0F /* cppCondition */,
				822F6DF820EE6ADF00CB6C0F /* cppFunction1 */,
				82FA0D7620F2DEC400A0E1AB /* cppMainParams */,
				82FA0D8120F4320A00A0E1AB /* cppDynamicParams */,
				829A60DB20F82011008AC045 /* cppFunctionPointer */,
			);
		};
/* End PBXProject section */

/* Begin PBXSourcesBuildPhase section */
		822F6DDF20E89F2600CB6C0F /* Sources */ = {
			isa = PBXSourcesBuildPhase;
			buildActionMask = 2147483647;
			files = (
				822F6DE620E89F2600CB6C0F /* main.cpp in Sources */,
			);
			runOnlyForDeploymentPostprocessing = 0;
		};
		822F6DEA20EBC4A800CB6C0F /* Sources */ = {
			isa = PBXSourcesBuildPhase;
			buildActionMask = 2147483647;
			files = (
				822F6DF120EBC4A900CB6C0F /* main.cpp in Sources */,
			);
			runOnlyForDeploymentPostprocessing = 0;
		};
		822F6DF520EE6ADF00CB6C0F /* Sources */ = {
			isa = PBXSourcesBuildPhase;
			buildActionMask = 2147483647;
			files = (
				822F6DFC20EE6AE000CB6C0F /* main.cpp in Sources */,
				822F6E0320F07C7A00CB6C0F /* fact.cpp in Sources */,
			);
			runOnlyForDeploymentPostprocessing = 0;
		};
		828D112D20DDEE7E00EDDD99 /* Sources */ = {
			isa = PBXSourcesBuildPhase;
			buildActionMask = 2147483647;
			files = (
				828D113420DDEE7F00EDDD99 /* main.cpp in Sources */,
			);
			runOnlyForDeploymentPostprocessing = 0;
		};
		828D113820DFBEA100EDDD99 /* Sources */ = {
			isa = PBXSourcesBuildPhase;
			buildActionMask = 2147483647;
			files = (
				828D113F20DFBEA100EDDD99 /* main.cpp in Sources */,
			);
			runOnlyForDeploymentPostprocessing = 0;
		};
		828D114320E1300C00EDDD99 /* Sources */ = {
			isa = PBXSourcesBuildPhase;
			buildActionMask = 2147483647;
			files = (
				828D114A20E1300C00EDDD99 /* main.cpp in Sources */,
			);
			runOnlyForDeploymentPostprocessing = 0;
		};
		828D114E20E309C500EDDD99 /* Sources */ = {
			isa = PBXSourcesBuildPhase;
			buildActionMask = 2147483647;
			files = (
				828D115520E309C500EDDD99 /* main.cpp in Sources */,
			);
			runOnlyForDeploymentPostprocessing = 0;
		};
		829A60D820F82011008AC045 /* Sources */ = {
			isa = PBXSourcesBuildPhase;
			buildActionMask = 2147483647;
			files = (
				829A60DF20F82011008AC045 /* main.cpp in Sources */,
				829A60E620F821FC008AC045 /* fact.cpp in Sources */,
			);
			runOnlyForDeploymentPostprocessing = 0;
		};
		82D32C8F20CCD877005C9872 /* Sources */ = {
			isa = PBXSourcesBuildPhase;
			buildActionMask = 2147483647;
			files = (
				82D32C9720CCD877005C9872 /* main.cpp in Sources */,
			);
			runOnlyForDeploymentPostprocessing = 0;
		};
		82FA0D7320F2DEC400A0E1AB /* Sources */ = {
			isa = PBXSourcesBuildPhase;
			buildActionMask = 2147483647;
			files = (
				82FA0D7A20F2DEC400A0E1AB /* main.cpp in Sources */,
			);
			runOnlyForDeploymentPostprocessing = 0;
		};
		82FA0D7E20F4320A00A0E1AB /* Sources */ = {
			isa = PBXSourcesBuildPhase;
			buildActionMask = 2147483647;
			files = (
				82FA0D8520F4320A00A0E1AB /* main.cpp in Sources */,
			);
			runOnlyForDeploymentPostprocessing = 0;
		};
/* End PBXSourcesBuildPhase section */

/* Begin XCBuildConfiguration section */
		822F6DE720E89F2600CB6C0F /* Debug */ = {
			isa = XCBuildConfiguration;
			buildSettings = {
				CODE_SIGN_STYLE = Automatic;
				PRODUCT_NAME = "$(TARGET_NAME)";
			};
			name = Debug;
		};
		822F6DE820E89F2600CB6C0F /* Release */ = {
			isa = XCBuildConfiguration;
			buildSettings = {
				CODE_SIGN_STYLE = Automatic;
				PRODUCT_NAME = "$(TARGET_NAME)";
			};
			name = Release;
		};
		822F6DF320EBC4A900CB6C0F /* Debug */ = {
			isa = XCBuildConfiguration;
			buildSettings = {
				CODE_SIGN_STYLE = Automatic;
				PRODUCT_NAME = "$(TARGET_NAME)";
			};
			name = Debug;
		};
		822F6DF420EBC4A900CB6C0F /* Release */ = {
			isa = XCBuildConfiguration;
			buildSettings = {
				CODE_SIGN_STYLE = Automatic;
				PRODUCT_NAME = "$(TARGET_NAME)";
			};
			name = Release;
		};
		822F6DFE20EE6AE000CB6C0F /* Debug */ = {
			isa = XCBuildConfiguration;
			buildSettings = {
				CODE_SIGN_STYLE = Automatic;
				PRODUCT_NAME = "$(TARGET_NAME)";
			};
			name = Debug;
		};
		822F6DFF20EE6AE000CB6C0F /* Release */ = {
			isa = XCBuildConfiguration;
			buildSettings = {
				CODE_SIGN_STYLE = Automatic;
				PRODUCT_NAME = "$(TARGET_NAME)";
			};
			name = Release;
		};
		828D113620DDEE7F00EDDD99 /* Debug */ = {
			isa = XCBuildConfiguration;
			buildSettings = {
				CODE_SIGN_STYLE = Automatic;
				PRODUCT_NAME = "$(TARGET_NAME)";
			};
			name = Debug;
		};
		828D113720DDEE7F00EDDD99 /* Release */ = {
			isa = XCBuildConfiguration;
			buildSettings = {
				CODE_SIGN_STYLE = Automatic;
				PRODUCT_NAME = "$(TARGET_NAME)";
			};
			name = Release;
		};
		828D114120DFBEA100EDDD99 /* Debug */ = {
			isa = XCBuildConfiguration;
			buildSettings = {
				CODE_SIGN_STYLE = Automatic;
				PRODUCT_NAME = "$(TARGET_NAME)";
			};
			name = Debug;
		};
		828D114220DFBEA100EDDD99 /* Release */ = {
			isa = XCBuildConfiguration;
			buildSettings = {
				CODE_SIGN_STYLE = Automatic;
				PRODUCT_NAME = "$(TARGET_NAME)";
			};
			name = Release;
		};
		828D114C20E1300C00EDDD99 /* Debug */ = {
			isa = XCBuildConfiguration;
			buildSettings = {
				CODE_SIGN_STYLE = Automatic;
				PRODUCT_NAME = "$(TARGET_NAME)";
			};
			name = Debug;
		};
		828D114D20E1300C00EDDD99 /* Release */ = {
			isa = XCBuildConfiguration;
			buildSettings = {
				CODE_SIGN_STYLE = Automatic;
				PRODUCT_NAME = "$(TARGET_NAME)";
			};
			name = Release;
		};
		828D115720E309C500EDDD99 /* Debug */ = {
			isa = XCBuildConfiguration;
			buildSettings = {
				CODE_SIGN_STYLE = Automatic;
				PRODUCT_NAME = "$(TARGET_NAME)";
			};
			name = Debug;
		};
		828D115820E309C500EDDD99 /* Release */ = {
			isa = XCBuildConfiguration;
			buildSettings = {
				CODE_SIGN_STYLE = Automatic;
				PRODUCT_NAME = "$(TARGET_NAME)";
			};
			name = Release;
		};
		829A60E020F82011008AC045 /* Debug */ = {
			isa = XCBuildConfiguration;
			buildSettings = {
				CODE_SIGN_STYLE = Automatic;
				PRODUCT_NAME = "$(TARGET_NAME)";
			};
			name = Debug;
		};
		829A60E120F82011008AC045 /* Release */ = {
			isa = XCBuildConfiguration;
			buildSettings = {
				CODE_SIGN_STYLE = Automatic;
				PRODUCT_NAME = "$(TARGET_NAME)";
			};
			name = Release;
		};
		82D32C9820CCD877005C9872 /* Debug */ = {
			isa = XCBuildConfiguration;
			buildSettings = {
				ALWAYS_SEARCH_USER_PATHS = NO;
				CLANG_ANALYZER_NONNULL = YES;
				CLANG_ANALYZER_NUMBER_OBJECT_CONVERSION = YES_AGGRESSIVE;
				CLANG_CXX_LANGUAGE_STANDARD = "gnu++14";
				CLANG_CXX_LIBRARY = "libc++";
				CLANG_ENABLE_MODULES = YES;
				CLANG_ENABLE_OBJC_ARC = YES;
				CLANG_ENABLE_OBJC_WEAK = YES;
				CLANG_WARN_BLOCK_CAPTURE_AUTORELEASING = YES;
				CLANG_WARN_BOOL_CONVERSION = YES;
				CLANG_WARN_COMMA = YES;
				CLANG_WARN_CONSTANT_CONVERSION = YES;
				CLANG_WARN_DEPRECATED_OBJC_IMPLEMENTATIONS = YES;
				CLANG_WARN_DIRECT_OBJC_ISA_USAGE = YES_ERROR;
				CLANG_WARN_DOCUMENTATION_COMMENTS = YES;
				CLANG_WARN_EMPTY_BODY = YES;
				CLANG_WARN_ENUM_CONVERSION = YES;
				CLANG_WARN_INFINITE_RECURSION = YES;
				CLANG_WARN_INT_CONVERSION = YES;
				CLANG_WARN_NON_LITERAL_NULL_CONVERSION = YES;
				CLANG_WARN_OBJC_IMPLICIT_RETAIN_SELF = YES;
				CLANG_WARN_OBJC_LITERAL_CONVERSION = YES;
				CLANG_WARN_OBJC_ROOT_CLASS = YES_ERROR;
				CLANG_WARN_RANGE_LOOP_ANALYSIS = YES;
				CLANG_WARN_STRICT_PROTOTYPES = YES;
				CLANG_WARN_SUSPICIOUS_MOVE = YES;
				CLANG_WARN_UNGUARDED_AVAILABILITY = YES_AGGRESSIVE;
				CLANG_WARN_UNREACHABLE_CODE = YES;
				CLANG_WARN__DUPLICATE_METHOD_MATCH = YES;
				CODE_SIGN_IDENTITY = "-";
				COPY_PHASE_STRIP = NO;
				DEBUG_INFORMATION_FORMAT = dwarf;
				ENABLE_STRICT_OBJC_MSGSEND = YES;
				ENABLE_TESTABILITY = YES;
				GCC_C_LANGUAGE_STANDARD = gnu11;
				GCC_DYNAMIC_NO_PIC = NO;
				GCC_NO_COMMON_BLOCKS = YES;
				GCC_OPTIMIZATION_LEVEL = 0;
				GCC_PREPROCESSOR_DEFINITIONS = (
					"DEBUG=1",
					"$(inherited)",
				);
				GCC_WARN_64_TO_32_BIT_CONVERSION = YES;
				GCC_WARN_ABOUT_RETURN_TYPE = YES_ERROR;
				GCC_WARN_UNDECLARED_SELECTOR = YES;
				GCC_WARN_UNINITIALIZED_AUTOS = YES_AGGRESSIVE;
				GCC_WARN_UNUSED_FUNCTION = YES;
				GCC_WARN_UNUSED_VARIABLE = YES;
				MACOSX_DEPLOYMENT_TARGET = 10.13;
				MTL_ENABLE_DEBUG_INFO = YES;
				ONLY_ACTIVE_ARCH = YES;
				SDKROOT = macosx;
			};
			name = Debug;
		};
		82D32C9920CCD877005C9872 /* Release */ = {
			isa = XCBuildConfiguration;
			buildSettings = {
				ALWAYS_SEARCH_USER_PATHS = NO;
				CLANG_ANALYZER_NONNULL = YES;
				CLANG_ANALYZER_NUMBER_OBJECT_CONVERSION = YES_AGGRESSIVE;
				CLANG_CXX_LANGUAGE_STANDARD = "gnu++14";
				CLANG_CXX_LIBRARY = "libc++";
				CLANG_ENABLE_MODULES = YES;
				CLANG_ENABLE_OBJC_ARC = YES;
				CLANG_ENABLE_OBJC_WEAK = YES;
				CLANG_WARN_BLOCK_CAPTURE_AUTORELEASING = YES;
				CLANG_WARN_BOOL_CONVERSION = YES;
				CLANG_WARN_COMMA = YES;
				CLANG_WARN_CONSTANT_CONVERSION = YES;
				CLANG_WARN_DEPRECATED_OBJC_IMPLEMENTATIONS = YES;
				CLANG_WARN_DIRECT_OBJC_ISA_USAGE = YES_ERROR;
				CLANG_WARN_DOCUMENTATION_COMMENTS = YES;
				CLANG_WARN_EMPTY_BODY = YES;
				CLANG_WARN_ENUM_CONVERSION = YES;
				CLANG_WARN_INFINITE_RECURSION = YES;
				CLANG_WARN_INT_CONVERSION = YES;
				CLANG_WARN_NON_LITERAL_NULL_CONVERSION = YES;
				CLANG_WARN_OBJC_IMPLICIT_RETAIN_SELF = YES;
				CLANG_WARN_OBJC_LITERAL_CONVERSION = YES;
				CLANG_WARN_OBJC_ROOT_CLASS = YES_ERROR;
				CLANG_WARN_RANGE_LOOP_ANALYSIS = YES;
				CLANG_WARN_STRICT_PROTOTYPES = YES;
				CLANG_WARN_SUSPICIOUS_MOVE = YES;
				CLANG_WARN_UNGUARDED_AVAILABILITY = YES_AGGRESSIVE;
				CLANG_WARN_UNREACHABLE_CODE = YES;
				CLANG_WARN__DUPLICATE_METHOD_MATCH = YES;
				CODE_SIGN_IDENTITY = "-";
				COPY_PHASE_STRIP = NO;
				DEBUG_INFORMATION_FORMAT = "dwarf-with-dsym";
				ENABLE_NS_ASSERTIONS = NO;
				ENABLE_STRICT_OBJC_MSGSEND = YES;
				GCC_C_LANGUAGE_STANDARD = gnu11;
				GCC_NO_COMMON_BLOCKS = YES;
				GCC_WARN_64_TO_32_BIT_CONVERSION = YES;
				GCC_WARN_ABOUT_RETURN_TYPE = YES_ERROR;
				GCC_WARN_UNDECLARED_SELECTOR = YES;
				GCC_WARN_UNINITIALIZED_AUTOS = YES_AGGRESSIVE;
				GCC_WARN_UNUSED_FUNCTION = YES;
				GCC_WARN_UNUSED_VARIABLE = YES;
				MACOSX_DEPLOYMENT_TARGET = 10.13;
				MTL_ENABLE_DEBUG_INFO = NO;
				SDKROOT = macosx;
			};
			name = Release;
		};
		82D32C9B20CCD877005C9872 /* Debug */ = {
			isa = XCBuildConfiguration;
			buildSettings = {
				CODE_SIGN_STYLE = Automatic;
				PRODUCT_NAME = "$(TARGET_NAME)";
			};
			name = Debug;
		};
		82D32C9C20CCD877005C9872 /* Release */ = {
			isa = XCBuildConfiguration;
			buildSettings = {
				CODE_SIGN_STYLE = Automatic;
				PRODUCT_NAME = "$(TARGET_NAME)";
			};
			name = Release;
		};
		82FA0D7B20F2DEC400A0E1AB /* Debug */ = {
			isa = XCBuildConfiguration;
			buildSettings = {
				CODE_SIGN_STYLE = Automatic;
				PRODUCT_NAME = "$(TARGET_NAME)";
			};
			name = Debug;
		};
		82FA0D7C20F2DEC400A0E1AB /* Release */ = {
			isa = XCBuildConfiguration;
			buildSettings = {
				CODE_SIGN_STYLE = Automatic;
				PRODUCT_NAME = "$(TARGET_NAME)";
			};
			name = Release;
		};
		82FA0D8720F4320A00A0E1AB /* Debug */ = {
			isa = XCBuildConfiguration;
			buildSettings = {
				CODE_SIGN_STYLE = Automatic;
				PRODUCT_NAME = "$(TARGET_NAME)";
			};
			name = Debug;
		};
		82FA0D8820F4320A00A0E1AB /* Release */ = {
			isa = XCBuildConfiguration;
			buildSettings = {
				CODE_SIGN_STYLE = Automatic;
				PRODUCT_NAME = "$(TARGET_NAME)";
			};
			name = Release;
		};
/* End XCBuildConfiguration section */

/* Begin XCConfigurationList section */
		822F6DE920E89F2600CB6C0F /* Build configuration list for PBXNativeTarget "cppExpression" */ = {
			isa = XCConfigurationList;
			buildConfigurations = (
				822F6DE720E89F2600CB6C0F /* Debug */,
				822F6DE820E89F2600CB6C0F /* Release */,
			);
			defaultConfigurationIsVisible = 0;
			defaultConfigurationName = Release;
		};
		822F6DF220EBC4A900CB6C0F /* Build configuration list for PBXNativeTarget "cppCondition" */ = {
			isa = XCConfigurationList;
			buildConfigurations = (
				822F6DF320EBC4A900CB6C0F /* Debug */,
				822F6DF420EBC4A900CB6C0F /* Release */,
			);
			defaultConfigurationIsVisible = 0;
			defaultConfigurationName = Release;
		};
		822F6DFD20EE6AE000CB6C0F /* Build configuration list for PBXNativeTarget "cppFunction1" */ = {
			isa = XCConfigurationList;
			buildConfigurations = (
				822F6DFE20EE6AE000CB6C0F /* Debug */,
				822F6DFF20EE6AE000CB6C0F /* Release */,
			);
			defaultConfigurationIsVisible = 0;
			defaultConfigurationName = Release;
		};
		828D113520DDEE7F00EDDD99 /* Build configuration list for PBXNativeTarget "cppString" */ = {
			isa = XCConfigurationList;
			buildConfigurations = (
				828D113620DDEE7F00EDDD99 /* Debug */,
				828D113720DDEE7F00EDDD99 /* Release */,
			);
			defaultConfigurationIsVisible = 0;
			defaultConfigurationName = Release;
		};
		828D114020DFBEA100EDDD99 /* Build configuration list for PBXNativeTarget "cppVector" */ = {
			isa = XCConfigurationList;
			buildConfigurations = (
				828D114120DFBEA100EDDD99 /* Debug */,
				828D114220DFBEA100EDDD99 /* Release */,
			);
			defaultConfigurationIsVisible = 0;
			defaultConfigurationName = Release;
		};
		828D114B20E1300C00EDDD99 /* Build configuration list for PBXNativeTarget "cppIterator" */ = {
			isa = XCConfigurationList;
			buildConfigurations = (
				828D114C20E1300C00EDDD99 /* Debug */,
				828D114D20E1300C00EDDD99 /* Release */,
			);
			defaultConfigurationIsVisible = 0;
			defaultConfigurationName = Release;
		};
		828D115620E309C500EDDD99 /* Build configuration list for PBXNativeTarget "cppArray" */ = {
			isa = XCConfigurationList;
			buildConfigurations = (
				828D115720E309C500EDDD99 /* Debug */,
				828D115820E309C500EDDD99 /* Release */,
			);
			defaultConfigurationIsVisible = 0;
			defaultConfigurationName = Release;
		};
		829A60E220F82011008AC045 /* Build configuration list for PBXNativeTarget "cppFunctionPointer" */ = {
			isa = XCConfigurationList;
			buildConfigurations = (
				829A60E020F82011008AC045 /* Debug */,
				829A60E120F82011008AC045 /* Release */,
			);
			defaultConfigurationIsVisible = 0;
			defaultConfigurationName = Release;
		};
		82D32C8E20CCD877005C9872 /* Build configuration list for PBXProject "cppDemo" */ = {
			isa = XCConfigurationList;
			buildConfigurations = (
				82D32C9820CCD877005C9872 /* Debug */,
				82D32C9920CCD877005C9872 /* Release */,
			);
			defaultConfigurationIsVisible = 0;
			defaultConfigurationName = Release;
		};
		82D32C9A20CCD877005C9872 /* Build configuration list for PBXNativeTarget "cppDemo" */ = {
			isa = XCConfigurationList;
			buildConfigurations = (
				82D32C9B20CCD877005C9872 /* Debug */,
				82D32C9C20CCD877005C9872 /* Release */,
			);
			defaultConfigurationIsVisible = 0;
			defaultConfigurationName = Release;
		};
		82FA0D7D20F2DEC400A0E1AB /* Build configuration list for PBXNativeTarget "cppMainParams" */ = {
			isa = XCConfigurationList;
			buildConfigurations = (
				82FA0D7B20F2DEC400A0E1AB /* Debug */,
				82FA0D7C20F2DEC400A0E1AB /* Release */,
			);
			defaultConfigurationIsVisible = 0;
			defaultConfigurationName = Release;
		};
		82FA0D8620F4320A00A0E1AB /* Build configuration list for PBXNativeTarget "cppDynamicParams" */ = {
			isa = XCConfigurationList;
			buildConfigurations = (
				82FA0D8720F4320A00A0E1AB /* Debug */,
				82FA0D8820F4320A00A0E1AB /* Release */,
			);
			defaultConfigurationIsVisible = 0;
			defaultConfigurationName = Release;
		};
/* End XCConfigurationList section */
	};
	rootObject = 82D32C8B20CCD877005C9872 /* Project object */;
}
